
Microsoft Visual Studio Solution File, Format Version 12.00
# Visual Studio Version 17
VisualStudioVersion = 17.11.35222.181
MinimumVisualStudioVersion = 10.0.40219.1
Project("{FAE04EC0-301F-11D3-BF4B-00C04F79EFBC}") = "WindowsFormsApp1", "WindowsFormsApp1\WindowsFormsApp1.csproj", "{8B3FA572-7BE0-4A7B-845F-EA1BFC3EB304}"
EndProject
Global
	GlobalSection(SolutionConfigurationPlatforms) = preSolution
		Debug|Any CPU = Debug|Any CPU
		Release|Any CPU = Release|Any CPU
	EndGlobalSection
	GlobalSection(ProjectConfigurationPlatforms) = postSolution
		{8B3FA572-7BE0-4A7B-845F-EA1BFC3EB304}.Debug|Any CPU.ActiveCfg = Debug|Any CPU
		{8B3FA572-7BE0-4A7B-845F-EA1BFC3EB304}.Debug|Any CPU.Build.0 = Debug|Any CPU
		{8B3FA572-7BE0-4A7B-845F-EA1BFC3EB304}.Release|Any CPU.ActiveCfg = Release|Any CPU
		{8B3FA572-7BE0-4A7B-845F-EA1BFC3EB304}.Release|Any CPU.Build.0 = Release|Any CPU
	EndGlobalSection
	GlobalSection(SolutionProperties) = preSolution
		HideSolutionNode = FALSE
	EndGlobalSection
	GlobalSection(ExtensibilityGlobals) = postSolution
		SolutionGuid = {46E127B0-50A7-484A-BB64-A50A20952A11}
	EndGlobalSection
EndGlobal
